
Microsoft Visual Studio Solution File, Format Version 12.00
# Visual Studio Version 16
VisualStudioVersion = 16.0.32002.261
MinimumVisualStudioVersion = 10.0.40219.1
Project("{FAE04EC0-301F-11D3-BF4B-00C04F79EFBC}") = "Loops", "Loops.csproj", "{B5E7ADD3-D933-44E4-AADB-AA60D9E82C93}"
EndProject
Global
	GlobalSection(SolutionConfigurationPlatforms) = preSolution
		Debug|Any CPU = Debug|Any CPU
		Release|Any CPU = Release|Any CPU
	EndGlobalSection
	GlobalSection(ProjectConfigurationPlatforms) = postSolution
		{B5E7ADD3-D933-44E4-AADB-AA60D9E82C93}.Debug|Any CPU.ActiveCfg = Debug|Any CPU
		{B5E7ADD3-D933-44E4-AADB-AA60D9E82C93}.Debug|Any CPU.Build.0 = Debug|Any CPU
		{B5E7ADD3-D933-44E4-AADB-AA60D9E82C93}.Release|Any CPU.ActiveCfg = Release|Any CPU
		{B5E7ADD3-D933-44E4-AADB-AA60D9E82C93}.Release|Any CPU.Build.0 = Release|Any CPU
	EndGlobalSection
	GlobalSection(SolutionProperties) = preSolution
		HideSolutionNode = FALSE
	EndGlobalSection
	GlobalSection(ExtensibilityGlobals) = postSolution
		SolutionGuid = {FA64A6D2-9481-4C4F-8007-4D44B9EACBF4}
	EndGlobalSection
EndGlobal
